{
  "version": 2,
  "dependencies": {
    "net6.0": {
      "Grpc.Core.Api": {
        "type": "Transitive",
        "resolved": "2.55.0",
        "contentHash": "qtJauqAZ4jAM6A2TQyenhpZWPfJBow7/HV/KiRbxJvYHo9jVtUL7SBIs3cjvBh5DXIUaNFIFfBQ3QGyv3nLKCw==",
        "dependencies": {
          "System.Memory": "4.5.3"
        }
      },
      "Grpc.Net.Common": {
        "type": "Transitive",
        "resolved": "2.55.0",
        "contentHash": "s1tzY9Z3jKq+mcYGSkZSTTs8Gwi9M5zfXltSDIx7XvFIdSbh+QtfWiV/4n+vP8yDvFDQASaW+6BzkGUbHEftRA==",
        "dependencies": {
          "Grpc.Core.Api": "2.55.0"
        }
      },
      "Microsoft.Extensions.Logging.Abstractions": {
        "type": "Transitive",
        "resolved": "3.0.3",
        "contentHash": "m2Jyi/MEn043WMI1I6J1ALuCThktZ93rd7eqzYeLmMcA0bdZC+TBVl0LuEbEWM01dWeeBjOoagjNwQTzOi2r6A=="
      },
      "Microsoft.Extensions.Primitives": {
        "type": "Transitive",
        "resolved": "7.0.0",
        "contentHash": "um1KU5kxcRp3CNuI8o/GrZtD4AIOXDk+RLsytjZ9QPok3ttLUelLKpilVPuaFT3TFjOhSibUAso0odbOaCDj3Q==",
        "dependencies": {
          "System.Runtime.CompilerServices.Unsafe": "6.0.0"
        }
      },
      "System.Memory": {
        "type": "Transitive",
        "resolved": "4.5.3",
        "contentHash": "3oDzvc/zzetpTKWMShs1AADwZjQ/36HnsufHRPcOjyRAAMLDlu2iD33MBI2opxnezcVUtXyqDXXjoFMOU9c7SA=="
      },
      "System.Runtime.CompilerServices.Unsafe": {
        "type": "Transitive",
        "resolved": "6.0.0",
        "contentHash": "/iUeP3tq1S0XdNNoMz5C9twLSrM/TH+qElHkXWaPvuNOt+99G75NrV0OS2EqHx5wMN7popYjpc8oTjC1y16DLg=="
      },
      "protocache": {
        "type": "Project",
        "dependencies": {
          "Google.Protobuf": "[3.24.0, )",
          "Grpc.Net.Client": "[2.55.0, )",
          "Microsoft.Extensions.Caching.Abstractions": "[7.0.0, )"
        }
      },
      "Google.Protobuf": {
        "type": "CentralTransitive",
        "requested": "[3.24.0, )",
        "resolved": "3.24.0",
        "contentHash": "5j/OBUVWPTeRYlG3Dm4PSupyU6nJmbnnhPeqjePzCqtzrh5vErx8dToStuhTnG1ZYZ+dawGziC7DN1I6FEQH0g=="
      },
      "Grpc.Net.Client": {
        "type": "CentralTransitive",
        "requested": "[2.55.0, )",
        "resolved": "2.55.0",
        "contentHash": "cQyNEAIVs/5npjSHuCKCT5kQJm3AyOnUw7h7s2lXt9rSWC/bhCGPbNAtiFGNvKiQAYgIt4zV13BS983viZP9pg==",
        "dependencies": {
          "Grpc.Net.Common": "2.55.0",
          "Microsoft.Extensions.Logging.Abstractions": "3.0.3"
        }
      },
      "Microsoft.Extensions.Caching.Abstractions": {
        "type": "CentralTransitive",
        "requested": "[7.0.0, )",
        "resolved": "7.0.0",
        "contentHash": "IeimUd0TNbhB4ded3AbgBLQv2SnsiVugDyGV1MvspQFVlA07nDC7Zul7kcwH5jWN3JiTcp/ySE83AIJo8yfKjg==",
        "dependencies": {
          "Microsoft.Extensions.Primitives": "7.0.0"
        }
      }
    }
  }
}